
Microsoft Visual Studio Solution File, Format Version 12.00
# Visual Studio Version 17
VisualStudioVersion = 17.11.35222.181
MinimumVisualStudioVersion = 10.0.40219.1
Project("{FAE04EC0-301F-11D3-BF4B-00C04F79EFBC}") = "TesteLogicaBenner", "TesteLogicaBenner\TesteLogicaBenner.csproj", "{0EEF2BFC-70F3-4510-839B-0DA24047C493}"
EndProject
Global
	GlobalSection(SolutionConfigurationPlatforms) = preSolution
		Debug|Any CPU = Debug|Any CPU
		Release|Any CPU = Release|Any CPU
	EndGlobalSection
	GlobalSection(ProjectConfigurationPlatforms) = postSolution
		{0EEF2BFC-70F3-4510-839B-0DA24047C493}.Debug|Any CPU.ActiveCfg = Debug|Any CPU
		{0EEF2BFC-70F3-4510-839B-0DA24047C493}.Debug|Any CPU.Build.0 = Debug|Any CPU
		{0EEF2BFC-70F3-4510-839B-0DA24047C493}.Release|Any CPU.ActiveCfg = Release|Any CPU
		{0EEF2BFC-70F3-4510-839B-0DA24047C493}.Release|Any CPU.Build.0 = Release|Any CPU
	EndGlobalSection
	GlobalSection(SolutionProperties) = preSolution
		HideSolutionNode = FALSE
	EndGlobalSection
	GlobalSection(ExtensibilityGlobals) = postSolution
		SolutionGuid = {4111AFD0-4777-4711-B1FB-2858395C2418}
	EndGlobalSection
EndGlobal
